
Microsoft Visual Studio Solution File, Format Version 12.00
# Visual Studio 15
VisualStudioVersion = 15.0.27004.2005
MinimumVisualStudioVersion = 10.0.40219.1
Project("{9A19103F-16F7-4668-BE54-9A1E7A4F7556}") = "Toa.Core", "Toa.Core\Toa.Core.csproj", "{454BC3F5-4BB8-4416-B4E2-B895C715D941}"
EndProject
Project("{9A19103F-16F7-4668-BE54-9A1E7A4F7556}") = "ToaX11Playground", "ToaX11Playground\ToaX11Playground.csproj", "{719E0792-946E-41D4-9D84-3CB451B48208}"
EndProject
Project("{FAE04EC0-301F-11D3-BF4B-00C04F79EFBC}") = "Mihiro", "Mihiro\Mihiro.csproj", "{B7CCBD92-F9E8-485D-A94E-8DA592D5B78F}"
EndProject
Project("{9A19103F-16F7-4668-BE54-9A1E7A4F7556}") = "Blockhash", "Blockhash\Blockhash.csproj", "{36306247-AC8A-43E1-925E-D65D8F96886F}"
EndProject
Project("{9A19103F-16F7-4668-BE54-9A1E7A4F7556}") = "Toa.Grpc", "Toa.Grpc\Toa.Grpc.csproj", "{80AAC534-7AE3-4D05-B341-F23A8C900E3A}"
EndProject
Project("{9A19103F-16F7-4668-BE54-9A1E7A4F7556}") = "Toa.Standalone", "Toa.Standalone\Toa.Standalone.csproj", "{E7B7A49B-2FAF-4217-A3E4-D9F873D2E412}"
EndProject
Project("{FAE04EC0-301F-11D3-BF4B-00C04F79EFBC}") = "Blockhash.Cli", "Blockhash.Cli\Blockhash.Cli.csproj", "{15BF0521-E6A2-4294-BAE5-9A2F7357D846}"
EndProject
Global
	GlobalSection(SolutionConfigurationPlatforms) = preSolution
		Debug|Any CPU = Debug|Any CPU
		Release|Any CPU = Release|Any CPU
	EndGlobalSection
	GlobalSection(ProjectConfigurationPlatforms) = postSolution
		{454BC3F5-4BB8-4416-B4E2-B895C715D941}.Debug|Any CPU.ActiveCfg = Debug|Any CPU
		{454BC3F5-4BB8-4416-B4E2-B895C715D941}.Debug|Any CPU.Build.0 = Debug|Any CPU
		{454BC3F5-4BB8-4416-B4E2-B895C715D941}.Release|Any CPU.ActiveCfg = Release|Any CPU
		{454BC3F5-4BB8-4416-B4E2-B895C715D941}.Release|Any CPU.Build.0 = Release|Any CPU
		{719E0792-946E-41D4-9D84-3CB451B48208}.Debug|Any CPU.ActiveCfg = Debug|Any CPU
		{719E0792-946E-41D4-9D84-3CB451B48208}.Debug|Any CPU.Build.0 = Debug|Any CPU
		{719E0792-946E-41D4-9D84-3CB451B48208}.Release|Any CPU.ActiveCfg = Release|Any CPU
		{719E0792-946E-41D4-9D84-3CB451B48208}.Release|Any CPU.Build.0 = Release|Any CPU
		{B7CCBD92-F9E8-485D-A94E-8DA592D5B78F}.Debug|Any CPU.ActiveCfg = Debug|Any CPU
		{B7CCBD92-F9E8-485D-A94E-8DA592D5B78F}.Debug|Any CPU.Build.0 = Debug|Any CPU
		{B7CCBD92-F9E8-485D-A94E-8DA592D5B78F}.Release|Any CPU.ActiveCfg = Release|Any CPU
		{B7CCBD92-F9E8-485D-A94E-8DA592D5B78F}.Release|Any CPU.Build.0 = Release|Any CPU
		{36306247-AC8A-43E1-925E-D65D8F96886F}.Debug|Any CPU.ActiveCfg = Debug|Any CPU
		{36306247-AC8A-43E1-925E-D65D8F96886F}.Debug|Any CPU.Build.0 = Debug|Any CPU
		{36306247-AC8A-43E1-925E-D65D8F96886F}.Release|Any CPU.ActiveCfg = Release|Any CPU
		{36306247-AC8A-43E1-925E-D65D8F96886F}.Release|Any CPU.Build.0 = Release|Any CPU
		{80AAC534-7AE3-4D05-B341-F23A8C900E3A}.Debug|Any CPU.ActiveCfg = Debug|Any CPU
		{80AAC534-7AE3-4D05-B341-F23A8C900E3A}.Debug|Any CPU.Build.0 = Debug|Any CPU
		{80AAC534-7AE3-4D05-B341-F23A8C900E3A}.Release|Any CPU.ActiveCfg = Release|Any CPU
		{80AAC534-7AE3-4D05-B341-F23A8C900E3A}.Release|Any CPU.Build.0 = Release|Any CPU
		{E7B7A49B-2FAF-4217-A3E4-D9F873D2E412}.Debug|Any CPU.ActiveCfg = Debug|Any CPU
		{E7B7A49B-2FAF-4217-A3E4-D9F873D2E412}.Debug|Any CPU.Build.0 = Debug|Any CPU
		{E7B7A49B-2FAF-4217-A3E4-D9F873D2E412}.Release|Any CPU.ActiveCfg = Release|Any CPU
		{E7B7A49B-2FAF-4217-A3E4-D9F873D2E412}.Release|Any CPU.Build.0 = Release|Any CPU
		{15BF0521-E6A2-4294-BAE5-9A2F7357D846}.Debug|Any CPU.ActiveCfg = Debug|Any CPU
		{15BF0521-E6A2-4294-BAE5-9A2F7357D846}.Debug|Any CPU.Build.0 = Debug|Any CPU
		{15BF0521-E6A2-4294-BAE5-9A2F7357D846}.Release|Any CPU.ActiveCfg = Release|Any CPU
		{15BF0521-E6A2-4294-BAE5-9A2F7357D846}.Release|Any CPU.Build.0 = Release|Any CPU
	EndGlobalSection
	GlobalSection(SolutionProperties) = preSolution
		HideSolutionNode = FALSE
	EndGlobalSection
	GlobalSection(ExtensibilityGlobals) = postSolution
		SolutionGuid = {6346699D-A211-4866-80D4-E524B5BD1B34}
	EndGlobalSection
EndGlobal
